
Microsoft Visual Studio Solution File, Format Version 12.00
# Visual Studio Version 17
VisualStudioVersion = 17.14.36804.6 d17.14
MinimumVisualStudioVersion = 10.0.40219.1
Project("{FAE04EC0-301F-11D3-BF4B-00C04F79EFBC}") = "Sekurity", "Sekurity.csproj", "{9D65E2F1-9E00-417D-ADAD-BB81CE7FBCC8}"
EndProject
Project("{FAE04EC0-301F-11D3-BF4B-00C04F79EFBC}") = "SekurityDemo", "SekurityDemo\SekurityDemo.csproj", "{4D6B2168-4B42-451B-BEA0-93F5CF641247}"
EndProject
Global
	GlobalSection(SolutionConfigurationPlatforms) = preSolution
		Debug|Any CPU = Debug|Any CPU
		Release|Any CPU = Release|Any CPU
	EndGlobalSection
	GlobalSection(ProjectConfigurationPlatforms) = postSolution
		{9D65E2F1-9E00-417D-ADAD-BB81CE7FBCC8}.Debug|Any CPU.ActiveCfg = Debug|Any CPU
		{9D65E2F1-9E00-417D-ADAD-BB81CE7FBCC8}.Debug|Any CPU.Build.0 = Debug|Any CPU
		{9D65E2F1-9E00-417D-ADAD-BB81CE7FBCC8}.Release|Any CPU.ActiveCfg = Release|Any CPU
		{9D65E2F1-9E00-417D-ADAD-BB81CE7FBCC8}.Release|Any CPU.Build.0 = Release|Any CPU
		{4D6B2168-4B42-451B-BEA0-93F5CF641247}.Debug|Any CPU.ActiveCfg = Debug|Any CPU
		{4D6B2168-4B42-451B-BEA0-93F5CF641247}.Debug|Any CPU.Build.0 = Debug|Any CPU
		{4D6B2168-4B42-451B-BEA0-93F5CF641247}.Release|Any CPU.ActiveCfg = Release|Any CPU
		{4D6B2168-4B42-451B-BEA0-93F5CF641247}.Release|Any CPU.Build.0 = Release|Any CPU
	EndGlobalSection
	GlobalSection(SolutionProperties) = preSolution
		HideSolutionNode = FALSE
	EndGlobalSection
	GlobalSection(ExtensibilityGlobals) = postSolution
		SolutionGuid = {15F94B62-8FE1-4D11-B428-E02D2F25F14C}
	EndGlobalSection
EndGlobal
